// !$*UTF8*$!
{
	archiveVersion = 1;
	classes = {
	};
	objectVersion = 55;
	objects = {

/* Begin PBXBuildFile section */
		065584D629AADFCA006626F4 /* TastebudsApp.swift in Sources */ = {isa = PBXBuildFile; fileRef = 065584D529AADFCA006626F4 /* TastebudsApp.swift */; };
		065584D829AADFCA006626F4 /* ContentView.swift in Sources */ = {isa = PBXBuildFile; fileRef = 065584D729AADFCA006626F4 /* ContentView.swift */; };
		065584DA29AADFCB006626F4 /* Assets.xcassets in Resources */ = {isa = PBXBuildFile; fileRef = 065584D929AADFCB006626F4 /* Assets.xcassets */; };
		065584DD29AADFCB006626F4 /* Preview Assets.xcassets in Resources */ = {isa = PBXBuildFile; fileRef = 065584DC29AADFCB006626F4 /* Preview Assets.xcassets */; };
		065584E729AADFCB006626F4 /* tastebudsTests.swift in Sources */ = {isa = PBXBuildFile; fileRef = 065584E629AADFCB006626F4 /* tastebudsTests.swift */; };
		065584F129AADFCB006626F4 /* tastebudsUITests.swift in Sources */ = {isa = PBXBuildFile; fileRef = 065584F029AADFCB006626F4 /* tastebudsUITests.swift */; };
		065584F329AADFCB006626F4 /* tastebudsUITestsLaunchTests.swift in Sources */ = {isa = PBXBuildFile; fileRef = 065584F229AADFCB006626F4 /* tastebudsUITestsLaunchTests.swift */; };
		0655850029AAE287006626F4 /* PhotoCard.swift in Sources */ = {isa = PBXBuildFile; fileRef = 065584FF29AAE287006626F4 /* PhotoCard.swift */; };
		0655850429AAEB1A006626F4 /* MapView.swift in Sources */ = {isa = PBXBuildFile; fileRef = 0655850329AAEB1A006626F4 /* MapView.swift */; };
		0655850729AAEEA5006626F4 /* LeftRightPadding.swift in Sources */ = {isa = PBXBuildFile; fileRef = 0655850629AAEEA5006626F4 /* LeftRightPadding.swift */; };
		0655850A29AAEF47006626F4 /* Schema.swift in Sources */ = {isa = PBXBuildFile; fileRef = 0655850929AAEF47006626F4 /* Schema.swift */; };
		0655850C29AC1154006626F4 /* InternalApi.swift in Sources */ = {isa = PBXBuildFile; fileRef = 0655850B29AC1154006626F4 /* InternalApi.swift */; };
		0655850E29AC119F006626F4 /* Api.swift in Sources */ = {isa = PBXBuildFile; fileRef = 0655850D29AC119F006626F4 /* Api.swift */; };
		0655851129AC139E006626F4 /* ProfilePhoto.swift in Sources */ = {isa = PBXBuildFile; fileRef = 0655851029AC139E006626F4 /* ProfilePhoto.swift */; };
		0655851329AC150F006626F4 /* ReviewRow.swift in Sources */ = {isa = PBXBuildFile; fileRef = 0655851229AC150F006626F4 /* ReviewRow.swift */; };
		0655851529AC16FE006626F4 /* ProfileDetail.swift in Sources */ = {isa = PBXBuildFile; fileRef = 0655851429AC16FE006626F4 /* ProfileDetail.swift */; };
		0655851729AC1765006626F4 /* ReviewList.swift in Sources */ = {isa = PBXBuildFile; fileRef = 0655851629AC1765006626F4 /* ReviewList.swift */; };
		0655851929AC17C7006626F4 /* FeedHeader.swift in Sources */ = {isa = PBXBuildFile; fileRef = 0655851829AC17C7006626F4 /* FeedHeader.swift */; };
		0655851C29AC1CCB006626F4 /* ReviewDetail.swift in Sources */ = {isa = PBXBuildFile; fileRef = 0655851B29AC1CCB006626F4 /* ReviewDetail.swift */; };
/* End PBXBuildFile section */

/* Begin PBXContainerItemProxy section */
		065584E329AADFCB006626F4 /* PBXContainerItemProxy */ = {
			isa = PBXContainerItemProxy;
			containerPortal = 065584CA29AADFCA006626F4 /* Project object */;
			proxyType = 1;
			remoteGlobalIDString = 065584D129AADFCA006626F4;
			remoteInfo = tastebuds;
		};
		065584ED29AADFCB006626F4 /* PBXContainerItemProxy */ = {
			isa = PBXContainerItemProxy;
			containerPortal = 065584CA29AADFCA006626F4 /* Project object */;
			proxyType = 1;
			remoteGlobalIDString = 065584D129AADFCA006626F4;
			remoteInfo = tastebuds;
		};
/* End PBXContainerItemProxy section */

/* Begin PBXFileReference section */
		065584D229AADFCA006626F4 /* tastebuds.app */ = {isa = PBXFileReference; explicitFileType = wrapper.application; includeInIndex = 0; path = tastebuds.app; sourceTree = BUILT_PRODUCTS_DIR; };
		065584D529AADFCA006626F4 /* TastebudsApp.swift */ = {isa = PBXFileReference; lastKnownFileType = sourcecode.swift; path = TastebudsApp.swift; sourceTree = "<group>"; };
		065584D729AADFCA006626F4 /* ContentView.swift */ = {isa = PBXFileReference; lastKnownFileType = sourcecode.swift; path = ContentView.swift; sourceTree = "<group>"; };
		065584D929AADFCB006626F4 /* Assets.xcassets */ = {isa = PBXFileReference; lastKnownFileType = folder.assetcatalog; path = Assets.xcassets; sourceTree = "<group>"; };
		065584DC29AADFCB006626F4 /* Preview Assets.xcassets */ = {isa = PBXFileReference; lastKnownFileType = folder.assetcatalog; path = "Preview Assets.xcassets"; sourceTree = "<group>"; };
		065584E229AADFCB006626F4 /* tastebudsTests.xctest */ = {isa = PBXFileReference; explicitFileType = wrapper.cfbundle; includeInIndex = 0; path = tastebudsTests.xctest; sourceTree = BUILT_PRODUCTS_DIR; };
		065584E629AADFCB006626F4 /* tastebudsTests.swift */ = {isa = PBXFileReference; lastKnownFileType = sourcecode.swift; path = tastebudsTests.swift; sourceTree = "<group>"; };
		065584EC29AADFCB006626F4 /* tastebudsUITests.xctest */ = {isa = PBXFileReference; explicitFileType = wrapper.cfbundle; includeInIndex = 0; path = tastebudsUITests.xctest; sourceTree = BUILT_PRODUCTS_DIR; };
		065584F029AADFCB006626F4 /* tastebudsUITests.swift */ = {isa = PBXFileReference; lastKnownFileType = sourcecode.swift; path = tastebudsUITests.swift; sourceTree = "<group>"; };
		065584F229AADFCB006626F4 /* tastebudsUITestsLaunchTests.swift */ = {isa = PBXFileReference; lastKnownFileType = sourcecode.swift; path = tastebudsUITestsLaunchTests.swift; sourceTree = "<group>"; };
		065584FF29AAE287006626F4 /* PhotoCard.swift */ = {isa = PBXFileReference; lastKnownFileType = sourcecode.swift; path = PhotoCard.swift; sourceTree = "<group>"; };
		0655850329AAEB1A006626F4 /* MapView.swift */ = {isa = PBXFileReference; lastKnownFileType = sourcecode.swift; path = MapView.swift; sourceTree = "<group>"; };
		0655850629AAEEA5006626F4 /* LeftRightPadding.swift */ = {isa = PBXFileReference; lastKnownFileType = sourcecode.swift; path = LeftRightPadding.swift; sourceTree = "<group>"; };
		0655850929AAEF47006626F4 /* Schema.swift */ = {isa = PBXFileReference; lastKnownFileType = sourcecode.swift; path = Schema.swift; sourceTree = "<group>"; };
		0655850B29AC1154006626F4 /* InternalApi.swift */ = {isa = PBXFileReference; lastKnownFileType = sourcecode.swift; path = InternalApi.swift; sourceTree = "<group>"; };
		0655850D29AC119F006626F4 /* Api.swift */ = {isa = PBXFileReference; lastKnownFileType = sourcecode.swift; path = Api.swift; sourceTree = "<group>"; };
		0655851029AC139E006626F4 /* ProfilePhoto.swift */ = {isa = PBXFileReference; lastKnownFileType = sourcecode.swift; path = ProfilePhoto.swift; sourceTree = "<group>"; };
		0655851229AC150F006626F4 /* ReviewRow.swift */ = {isa = PBXFileReference; lastKnownFileType = sourcecode.swift; path = ReviewRow.swift; sourceTree = "<group>"; };
		0655851429AC16FE006626F4 /* ProfileDetail.swift */ = {isa = PBXFileReference; lastKnownFileType = sourcecode.swift; path = ProfileDetail.swift; sourceTree = "<group>"; };
		0655851629AC1765006626F4 /* ReviewList.swift */ = {isa = PBXFileReference; lastKnownFileType = sourcecode.swift; path = ReviewList.swift; sourceTree = "<group>"; };
		0655851829AC17C7006626F4 /* FeedHeader.swift */ = {isa = PBXFileReference; lastKnownFileType = sourcecode.swift; path = FeedHeader.swift; sourceTree = "<group>"; };
		0655851B29AC1CCB006626F4 /* ReviewDetail.swift */ = {isa = PBXFileReference; lastKnownFileType = sourcecode.swift; path = ReviewDetail.swift; sourceTree = "<group>"; };
/* End PBXFileReference section */

/* Begin PBXFrameworksBuildPhase section */
		065584CF29AADFCA006626F4 /* Frameworks */ = {
			isa = PBXFrameworksBuildPhase;
			buildActionMask = 2147483647;
			files = (
			);
			runOnlyForDeploymentPostprocessing = 0;
		};
		065584DF29AADFCB006626F4 /* Frameworks */ = {
			isa = PBXFrameworksBuildPhase;
			buildActionMask = 2147483647;
			files = (
			);
			runOnlyForDeploymentPostprocessing = 0;
		};
		065584E929AADFCB006626F4 /* Frameworks */ = {
			isa = PBXFrameworksBuildPhase;
			buildActionMask = 2147483647;
			files = (
			);
			runOnlyForDeploymentPostprocessing = 0;
		};
/* End PBXFrameworksBuildPhase section */

/* Begin PBXGroup section */
		065584C929AADFCA006626F4 = {
			isa = PBXGroup;
			children = (
				065584D429AADFCA006626F4 /* tastebuds */,
				065584E529AADFCB006626F4 /* tastebudsTests */,
				065584EF29AADFCB006626F4 /* tastebudsUITests */,
				065584D329AADFCA006626F4 /* Products */,
			);
			sourceTree = "<group>";
		};
		065584D329AADFCA006626F4 /* Products */ = {
			isa = PBXGroup;
			children = (
				065584D229AADFCA006626F4 /* tastebuds.app */,
				065584E229AADFCB006626F4 /* tastebudsTests.xctest */,
				065584EC29AADFCB006626F4 /* tastebudsUITests.xctest */,
			);
			name = Products;
			sourceTree = "<group>";
		};
		065584D429AADFCA006626F4 /* tastebuds */ = {
			isa = PBXGroup;
			children = (
				0655850F29AC1376006626F4 /* Views */,
				0655850829AAEF1C006626F4 /* Api */,
				0655850529AAEE94006626F4 /* Utils */,
				065584D729AADFCA006626F4 /* ContentView.swift */,
				065584D929AADFCB006626F4 /* Assets.xcassets */,
				065584DB29AADFCB006626F4 /* Preview Content */,
			);
			path = tastebuds;
			sourceTree = "<group>";
		};
		065584DB29AADFCB006626F4 /* Preview Content */ = {
			isa = PBXGroup;
			children = (
				065584DC29AADFCB006626F4 /* Preview Assets.xcassets */,
			);
			path = "Preview Content";
			sourceTree = "<group>";
		};
		065584E529AADFCB006626F4 /* tastebudsTests */ = {
			isa = PBXGroup;
			children = (
				065584E629AADFCB006626F4 /* tastebudsTests.swift */,
			);
			path = tastebudsTests;
			sourceTree = "<group>";
		};
		065584EF29AADFCB006626F4 /* tastebudsUITests */ = {
			isa = PBXGroup;
			children = (
				065584F029AADFCB006626F4 /* tastebudsUITests.swift */,
				065584F229AADFCB006626F4 /* tastebudsUITestsLaunchTests.swift */,
			);
			path = tastebudsUITests;
			sourceTree = "<group>";
		};
		0655850529AAEE94006626F4 /* Utils */ = {
			isa = PBXGroup;
			children = (
				0655850629AAEEA5006626F4 /* LeftRightPadding.swift */,
			);
			path = Utils;
			sourceTree = "<group>";
		};
		0655850829AAEF1C006626F4 /* Api */ = {
			isa = PBXGroup;
			children = (
				0655850929AAEF47006626F4 /* Schema.swift */,
				0655850B29AC1154006626F4 /* InternalApi.swift */,
				0655850D29AC119F006626F4 /* Api.swift */,
			);
			path = Api;
			sourceTree = "<group>";
		};
		0655850F29AC1376006626F4 /* Views */ = {
			isa = PBXGroup;
			children = (
				0655851429AC16FE006626F4 /* ProfileDetail.swift */,
				065584D529AADFCA006626F4 /* TastebudsApp.swift */,
				0655850329AAEB1A006626F4 /* MapView.swift */,
				065584FF29AAE287006626F4 /* PhotoCard.swift */,
				0655851029AC139E006626F4 /* ProfilePhoto.swift */,
				0655851A29AC1877006626F4 /* Review */,
				0655851829AC17C7006626F4 /* FeedHeader.swift */,
			);
			path = Views;
			sourceTree = "<group>";
		};
		0655851A29AC1877006626F4 /* Review */ = {
			isa = PBXGroup;
			children = (
				0655851229AC150F006626F4 /* ReviewRow.swift */,
				0655851629AC1765006626F4 /* ReviewList.swift */,
				0655851B29AC1CCB006626F4 /* ReviewDetail.swift */,
			);
			path = Review;
			sourceTree = "<group>";
		};
/* End PBXGroup section */

/* Begin PBXNativeTarget section */
		065584D129AADFCA006626F4 /* tastebuds */ = {
			isa = PBXNativeTarget;
			buildConfigurationList = 065584F629AADFCB006626F4 /* Build configuration list for PBXNativeTarget "tastebuds" */;
			buildPhases = (
				065584CE29AADFCA006626F4 /* Sources */,
				065584CF29AADFCA006626F4 /* Frameworks */,
				065584D029AADFCA006626F4 /* Resources */,
			);
			buildRules = (
			);
			dependencies = (
			);
			name = tastebuds;
			productName = tastebuds;
			productReference = 065584D229AADFCA006626F4 /* tastebuds.app */;
			productType = "com.apple.product-type.application";
		};
		065584E129AADFCB006626F4 /* tastebudsTests */ = {
			isa = PBXNativeTarget;
			buildConfigurationList = 065584F929AADFCB006626F4 /* Build configuration list for PBXNativeTarget "tastebudsTests" */;
			buildPhases = (
				065584DE29AADFCB006626F4 /* Sources */,
				065584DF29AADFCB006626F4 /* Frameworks */,
				065584E029AADFCB006626F4 /* Resources */,
			);
			buildRules = (
			);
			dependencies = (
				065584E429AADFCB006626F4 /* PBXTargetDependency */,
			);
			name = tastebudsTests;
			productName = tastebudsTests;
			productReference = 065584E229AADFCB006626F4 /* tastebudsTests.xctest */;
			productType = "com.apple.product-type.bundle.unit-test";
		};
		065584EB29AADFCB006626F4 /* tastebudsUITests */ = {
			isa = PBXNativeTarget;
			buildConfigurationList = 065584FC29AADFCB006626F4 /* Build configuration list for PBXNativeTarget "tastebudsUITests" */;
			buildPhases = (
				065584E829AADFCB006626F4 /* Sources */,
				065584E929AADFCB006626F4 /* Frameworks */,
				065584EA29AADFCB006626F4 /* Resources */,
			);
			buildRules = (
			);
			dependencies = (
				065584EE29AADFCB006626F4 /* PBXTargetDependency */,
			);
			name = tastebudsUITests;
			productName = tastebudsUITests;
			productReference = 065584EC29AADFCB006626F4 /* tastebudsUITests.xctest */;
			productType = "com.apple.product-type.bundle.ui-testing";
		};
/* End PBXNativeTarget section */

/* Begin PBXProject section */
		065584CA29AADFCA006626F4 /* Project object */ = {
			isa = PBXProject;
			attributes = {
				BuildIndependentTargetsInParallel = 1;
				LastSwiftUpdateCheck = 1340;
				LastUpgradeCheck = 1340;
				TargetAttributes = {
					065584D129AADFCA006626F4 = {
						CreatedOnToolsVersion = 13.4.1;
					};
					065584E129AADFCB006626F4 = {
						CreatedOnToolsVersion = 13.4.1;
						TestTargetID = 065584D129AADFCA006626F4;
					};
					065584EB29AADFCB006626F4 = {
						CreatedOnToolsVersion = 13.4.1;
						TestTargetID = 065584D129AADFCA006626F4;
					};
				};
			};
			buildConfigurationList = 065584CD29AADFCA006626F4 /* Build configuration list for PBXProject "tastebuds" */;
			compatibilityVersion = "Xcode 13.0";
			developmentRegion = en;
			hasScannedForEncodings = 0;
			knownRegions = (
				en,
				Base,
			);
			mainGroup = 065584C929AADFCA006626F4;
			productRefGroup = 065584D329AADFCA006626F4 /* Products */;
			projectDirPath = "";
			projectRoot = "";
			targets = (
				065584D129AADFCA006626F4 /* tastebuds */,
				065584E129AADFCB006626F4 /* tastebudsTests */,
				065584EB29AADFCB006626F4 /* tastebudsUITests */,
			);
		};
/* End PBXProject section */

/* Begin PBXResourcesBuildPhase section */
		065584D029AADFCA006626F4 /* Resources */ = {
			isa = PBXResourcesBuildPhase;
			buildActionMask = 2147483647;
			files = (
				065584DD29AADFCB006626F4 /* Preview Assets.xcassets in Resources */,
				065584DA29AADFCB006626F4 /* Assets.xcassets in Resources */,
			);
			runOnlyForDeploymentPostprocessing = 0;
		};
		065584E029AADFCB006626F4 /* Resources */ = {
			isa = PBXResourcesBuildPhase;
			buildActionMask = 2147483647;
			files = (
			);
			runOnlyForDeploymentPostprocessing = 0;
		};
		065584EA29AADFCB006626F4 /* Resources */ = {
			isa = PBXResourcesBuildPhase;
			buildActionMask = 2147483647;
			files = (
			);
			runOnlyForDeploymentPostprocessing = 0;
		};
/* End PBXResourcesBuildPhase section */

/* Begin PBXSourcesBuildPhase section */
		065584CE29AADFCA006626F4 /* Sources */ = {
			isa = PBXSourcesBuildPhase;
			buildActionMask = 2147483647;
			files = (
				0655851529AC16FE006626F4 /* ProfileDetail.swift in Sources */,
				0655850C29AC1154006626F4 /* InternalApi.swift in Sources */,
				0655850A29AAEF47006626F4 /* Schema.swift in Sources */,
				0655851129AC139E006626F4 /* ProfilePhoto.swift in Sources */,
				0655851C29AC1CCB006626F4 /* ReviewDetail.swift in Sources */,
				0655850729AAEEA5006626F4 /* LeftRightPadding.swift in Sources */,
				0655851729AC1765006626F4 /* ReviewList.swift in Sources */,
				0655850029AAE287006626F4 /* PhotoCard.swift in Sources */,
				0655850429AAEB1A006626F4 /* MapView.swift in Sources */,
				0655851929AC17C7006626F4 /* FeedHeader.swift in Sources */,
				065584D829AADFCA006626F4 /* ContentView.swift in Sources */,
				0655850E29AC119F006626F4 /* Api.swift in Sources */,
				0655851329AC150F006626F4 /* ReviewRow.swift in Sources */,
				065584D629AADFCA006626F4 /* TastebudsApp.swift in Sources */,
			);
			runOnlyForDeploymentPostprocessing = 0;
		};
		065584DE29AADFCB006626F4 /* Sources */ = {
			isa = PBXSourcesBuildPhase;
			buildActionMask = 2147483647;
			files = (
				065584E729AADFCB006626F4 /* tastebudsTests.swift in Sources */,
			);
			runOnlyForDeploymentPostprocessing = 0;
		};
		065584E829AADFCB006626F4 /* Sources */ = {
			isa = PBXSourcesBuildPhase;
			buildActionMask = 2147483647;
			files = (
				065584F329AADFCB006626F4 /* tastebudsUITestsLaunchTests.swift in Sources */,
				065584F129AADFCB006626F4 /* tastebudsUITests.swift in Sources */,
			);
			runOnlyForDeploymentPostprocessing = 0;
		};
/* End PBXSourcesBuildPhase section */

/* Begin PBXTargetDependency section */
		065584E429AADFCB006626F4 /* PBXTargetDependency */ = {
			isa = PBXTargetDependency;
			target = 065584D129AADFCA006626F4 /* tastebuds */;
			targetProxy = 065584E329AADFCB006626F4 /* PBXContainerItemProxy */;
		};
		065584EE29AADFCB006626F4 /* PBXTargetDependency */ = {
			isa = PBXTargetDependency;
			target = 065584D129AADFCA006626F4 /* tastebuds */;
			targetProxy = 065584ED29AADFCB006626F4 /* PBXContainerItemProxy */;
		};
/* End PBXTargetDependency section */

/* Begin XCBuildConfiguration section */
		065584F429AADFCB006626F4 /* Debug */ = {
			isa = XCBuildConfiguration;
			buildSettings = {
				ALWAYS_SEARCH_USER_PATHS = NO;
				CLANG_ANALYZER_NONNULL = YES;
				CLANG_ANALYZER_NUMBER_OBJECT_CONVERSION = YES_AGGRESSIVE;
				CLANG_CXX_LANGUAGE_STANDARD = "gnu++17";
				CLANG_ENABLE_MODULES = YES;
				CLANG_ENABLE_OBJC_ARC = YES;
				CLANG_ENABLE_OBJC_WEAK = YES;
				CLANG_WARN_BLOCK_CAPTURE_AUTORELEASING = YES;
				CLANG_WARN_BOOL_CONVERSION = YES;
				CLANG_WARN_COMMA = YES;
				CLANG_WARN_CONSTANT_CONVERSION = YES;
				CLANG_WARN_DEPRECATED_OBJC_IMPLEMENTATIONS = YES;
				CLANG_WARN_DIRECT_OBJC_ISA_USAGE = YES_ERROR;
				CLANG_WARN_DOCUMENTATION_COMMENTS = YES;
				CLANG_WARN_EMPTY_BODY = YES;
				CLANG_WARN_ENUM_CONVERSION = YES;
				CLANG_WARN_INFINITE_RECURSION = YES;
				CLANG_WARN_INT_CONVERSION = YES;
				CLANG_WARN_NON_LITERAL_NULL_CONVERSION = YES;
				CLANG_WARN_OBJC_IMPLICIT_RETAIN_SELF = YES;
				CLANG_WARN_OBJC_LITERAL_CONVERSION = YES;
				CLANG_WARN_OBJC_ROOT_CLASS = YES_ERROR;
				CLANG_WARN_QUOTED_INCLUDE_IN_FRAMEWORK_HEADER = YES;
				CLANG_WARN_RANGE_LOOP_ANALYSIS = YES;
				CLANG_WARN_STRICT_PROTOTYPES = YES;
				CLANG_WARN_SUSPICIOUS_MOVE = YES;
				CLANG_WARN_UNGUARDED_AVAILABILITY = YES_AGGRESSIVE;
				CLANG_WARN_UNREACHABLE_CODE = YES;
				CLANG_WARN__DUPLICATE_METHOD_MATCH = YES;
				COPY_PHASE_STRIP = NO;
				DEBUG_INFORMATION_FORMAT = dwarf;
				ENABLE_STRICT_OBJC_MSGSEND = YES;
				ENABLE_TESTABILITY = YES;
				GCC_C_LANGUAGE_STANDARD = gnu11;
				GCC_DYNAMIC_NO_PIC = NO;
				GCC_NO_COMMON_BLOCKS = YES;
				GCC_OPTIMIZATION_LEVEL = 0;
				GCC_PREPROCESSOR_DEFINITIONS = (
					"DEBUG=1",
					"$(inherited)",
				);
				GCC_WARN_64_TO_32_BIT_CONVERSION = YES;
				GCC_WARN_ABOUT_RETURN_TYPE = YES_ERROR;
				GCC_WARN_UNDECLARED_SELECTOR = YES;
				GCC_WARN_UNINITIALIZED_AUTOS = YES_AGGRESSIVE;
				GCC_WARN_UNUSED_FUNCTION = YES;
				GCC_WARN_UNUSED_VARIABLE = YES;
				IPHONEOS_DEPLOYMENT_TARGET = 15.5;
				MTL_ENABLE_DEBUG_INFO = INCLUDE_SOURCE;
				MTL_FAST_MATH = YES;
				ONLY_ACTIVE_ARCH = YES;
				SDKROOT = iphoneos;
				SWIFT_ACTIVE_COMPILATION_CONDITIONS = DEBUG;
				SWIFT_OPTIMIZATION_LEVEL = "-Onone";
			};
			name = Debug;
		};
		065584F529AADFCB006626F4 /* Release */ = {
			isa = XCBuildConfiguration;
			buildSettings = {
				ALWAYS_SEARCH_USER_PATHS = NO;
				CLANG_ANALYZER_NONNULL = YES;
				CLANG_ANALYZER_NUMBER_OBJECT_CONVERSION = YES_AGGRESSIVE;
				CLANG_CXX_LANGUAGE_STANDARD = "gnu++17";
				CLANG_ENABLE_MODULES = YES;
				CLANG_ENABLE_OBJC_ARC = YES;
				CLANG_ENABLE_OBJC_WEAK = YES;
				CLANG_WARN_BLOCK_CAPTURE_AUTORELEASING = YES;
				CLANG_WARN_BOOL_CONVERSION = YES;
				CLANG_WARN_COMMA = YES;
				CLANG_WARN_CONSTANT_CONVERSION = YES;
				CLANG_WARN_DEPRECATED_OBJC_IMPLEMENTATIONS = YES;
				CLANG_WARN_DIRECT_OBJC_ISA_USAGE = YES_ERROR;
				CLANG_WARN_DOCUMENTATION_COMMENTS = YES;
				CLANG_WARN_EMPTY_BODY = YES;
				CLANG_WARN_ENUM_CONVERSION = YES;
				CLANG_WARN_INFINITE_RECURSION = YES;
				CLANG_WARN_INT_CONVERSION = YES;
				CLANG_WARN_NON_LITERAL_NULL_CONVERSION = YES;
				CLANG_WARN_OBJC_IMPLICIT_RETAIN_SELF = YES;
				CLANG_WARN_OBJC_LITERAL_CONVERSION = YES;
				CLANG_WARN_OBJC_ROOT_CLASS = YES_ERROR;
				CLANG_WARN_QUOTED_INCLUDE_IN_FRAMEWORK_HEADER = YES;
				CLANG_WARN_RANGE_LOOP_ANALYSIS = YES;
				CLANG_WARN_STRICT_PROTOTYPES = YES;
				CLANG_WARN_SUSPICIOUS_MOVE = YES;
				CLANG_WARN_UNGUARDED_AVAILABILITY = YES_AGGRESSIVE;
				CLANG_WARN_UNREACHABLE_CODE = YES;
				CLANG_WARN__DUPLICATE_METHOD_MATCH = YES;
				COPY_PHASE_STRIP = NO;
				DEBUG_INFORMATION_FORMAT = "dwarf-with-dsym";
				ENABLE_NS_ASSERTIONS = NO;
				ENABLE_STRICT_OBJC_MSGSEND = YES;
				GCC_C_LANGUAGE_STANDARD = gnu11;
				GCC_NO_COMMON_BLOCKS = YES;
				GCC_WARN_64_TO_32_BIT_CONVERSION = YES;
				GCC_WARN_ABOUT_RETURN_TYPE = YES_ERROR;
				GCC_WARN_UNDECLARED_SELECTOR = YES;
				GCC_WARN_UNINITIALIZED_AUTOS = YES_AGGRESSIVE;
				GCC_WARN_UNUSED_FUNCTION = YES;
				GCC_WARN_UNUSED_VARIABLE = YES;
				IPHONEOS_DEPLOYMENT_TARGET = 15.5;
				MTL_ENABLE_DEBUG_INFO = NO;
				MTL_FAST_MATH = YES;
				SDKROOT = iphoneos;
				SWIFT_COMPILATION_MODE = wholemodule;
				SWIFT_OPTIMIZATION_LEVEL = "-O";
				VALIDATE_PRODUCT = YES;
			};
			name = Release;
		};
		065584F729AADFCB006626F4 /* Debug */ = {
			isa = XCBuildConfiguration;
			buildSettings = {
				ASSETCATALOG_COMPILER_APPICON_NAME = AppIcon;
				ASSETCATALOG_COMPILER_GLOBAL_ACCENT_COLOR_NAME = AccentColor;
				CODE_SIGN_STYLE = Automatic;
				CURRENT_PROJECT_VERSION = 1;
				DEVELOPMENT_ASSET_PATHS = "\"tastebuds/Preview Content\"";
				DEVELOPMENT_TEAM = JL39GTJ62X;
				ENABLE_PREVIEWS = YES;
				GENERATE_INFOPLIST_FILE = YES;
				INFOPLIST_KEY_UIApplicationSceneManifest_Generation = YES;
				INFOPLIST_KEY_UIApplicationSupportsIndirectInputEvents = YES;
				INFOPLIST_KEY_UILaunchScreen_Generation = YES;
				INFOPLIST_KEY_UISupportedInterfaceOrientations_iPad = "UIInterfaceOrientationPortrait UIInterfaceOrientationPortraitUpsideDown UIInterfaceOrientationLandscapeLeft UIInterfaceOrientationLandscapeRight";
				INFOPLIST_KEY_UISupportedInterfaceOrientations_iPhone = "UIInterfaceOrientationPortrait UIInterfaceOrientationLandscapeLeft UIInterfaceOrientationLandscapeRight";
				LD_RUNPATH_SEARCH_PATHS = (
					"$(inherited)",
					"@executable_path/Frameworks",
				);
				MARKETING_VERSION = 1.0;
				PRODUCT_BUNDLE_IDENTIFIER = sacshack.tastebuds;
				PRODUCT_NAME = "$(TARGET_NAME)";
				SWIFT_EMIT_LOC_STRINGS = YES;
				SWIFT_VERSION = 5.0;
				TARGETED_DEVICE_FAMILY = "1,2";
			};
			name = Debug;
		};
		065584F829AADFCB006626F4 /* Release */ = {
			isa = XCBuildConfiguration;
			buildSettings = {
				ASSETCATALOG_COMPILER_APPICON_NAME = AppIcon;
				ASSETCATALOG_COMPILER_GLOBAL_ACCENT_COLOR_NAME = AccentColor;
				CODE_SIGN_STYLE = Automatic;
				CURRENT_PROJECT_VERSION = 1;
				DEVELOPMENT_ASSET_PATHS = "\"tastebuds/Preview Content\"";
				DEVELOPMENT_TEAM = JL39GTJ62X;
				ENABLE_PREVIEWS = YES;
				GENERATE_INFOPLIST_FILE = YES;
				INFOPLIST_KEY_UIApplicationSceneManifest_Generation = YES;
				INFOPLIST_KEY_UIApplicationSupportsIndirectInputEvents = YES;
				INFOPLIST_KEY_UILaunchScreen_Generation = YES;
				INFOPLIST_KEY_UISupportedInterfaceOrientations_iPad = "UIInterfaceOrientationPortrait UIInterfaceOrientationPortraitUpsideDown UIInterfaceOrientationLandscapeLeft UIInterfaceOrientationLandscapeRight";
				INFOPLIST_KEY_UISupportedInterfaceOrientations_iPhone = "UIInterfaceOrientationPortrait UIInterfaceOrientationLandscapeLeft UIInterfaceOrientationLandscapeRight";
				LD_RUNPATH_SEARCH_PATHS = (
					"$(inherited)",
					"@executable_path/Frameworks",
				);
				MARKETING_VERSION = 1.0;
				PRODUCT_BUNDLE_IDENTIFIER = sacshack.tastebuds;
				PRODUCT_NAME = "$(TARGET_NAME)";
				SWIFT_EMIT_LOC_STRINGS = YES;
				SWIFT_VERSION = 5.0;
				TARGETED_DEVICE_FAMILY = "1,2";
			};
			name = Release;
		};
		065584FA29AADFCB006626F4 /* Debug */ = {
			isa = XCBuildConfiguration;
			buildSettings = {
				ALWAYS_EMBED_SWIFT_STANDARD_LIBRARIES = YES;
				BUNDLE_LOADER = "$(TEST_HOST)";
				CODE_SIGN_STYLE = Automatic;
				CURRENT_PROJECT_VERSION = 1;
				DEVELOPMENT_TEAM = JL39GTJ62X;
				GENERATE_INFOPLIST_FILE = YES;
				IPHONEOS_DEPLOYMENT_TARGET = 15.5;
				MARKETING_VERSION = 1.0;
				PRODUCT_BUNDLE_IDENTIFIER = sacshack.tastebudsTests;
				PRODUCT_NAME = "$(TARGET_NAME)";
				SWIFT_EMIT_LOC_STRINGS = NO;
				SWIFT_VERSION = 5.0;
				TARGETED_DEVICE_FAMILY = "1,2";
				TEST_HOST = "$(BUILT_PRODUCTS_DIR)/tastebuds.app/tastebuds";
			};
			name = Debug;
		};
		065584FB29AADFCB006626F4 /* Release */ = {
			isa = XCBuildConfiguration;
			buildSettings = {
				ALWAYS_EMBED_SWIFT_STANDARD_LIBRARIES = YES;
				BUNDLE_LOADER = "$(TEST_HOST)";
				CODE_SIGN_STYLE = Automatic;
				CURRENT_PROJECT_VERSION = 1;
				DEVELOPMENT_TEAM = JL39GTJ62X;
				GENERATE_INFOPLIST_FILE = YES;
				IPHONEOS_DEPLOYMENT_TARGET = 15.5;
				MARKETING_VERSION = 1.0;
				PRODUCT_BUNDLE_IDENTIFIER = sacshack.tastebudsTests;
				PRODUCT_NAME = "$(TARGET_NAME)";
				SWIFT_EMIT_LOC_STRINGS = NO;
				SWIFT_VERSION = 5.0;
				TARGETED_DEVICE_FAMILY = "1,2";
				TEST_HOST = "$(BUILT_PRODUCTS_DIR)/tastebuds.app/tastebuds";
			};
			name = Release;
		};
		065584FD29AADFCB006626F4 /* Debug */ = {
			isa = XCBuildConfiguration;
			buildSettings = {
				ALWAYS_EMBED_SWIFT_STANDARD_LIBRARIES = YES;
				CODE_SIGN_STYLE = Automatic;
				CURRENT_PROJECT_VERSION = 1;
				DEVELOPMENT_TEAM = JL39GTJ62X;
				GENERATE_INFOPLIST_FILE = YES;
				MARKETING_VERSION = 1.0;
				PRODUCT_BUNDLE_IDENTIFIER = sacshack.tastebudsUITests;
				PRODUCT_NAME = "$(TARGET_NAME)";
				SWIFT_EMIT_LOC_STRINGS = NO;
				SWIFT_VERSION = 5.0;
				TARGETED_DEVICE_FAMILY = "1,2";
				TEST_TARGET_NAME = tastebuds;
			};
			name = Debug;
		};
		065584FE29AADFCB006626F4 /* Release */ = {
			isa = XCBuildConfiguration;
			buildSettings = {
				ALWAYS_EMBED_SWIFT_STANDARD_LIBRARIES = YES;
				CODE_SIGN_STYLE = Automatic;
				CURRENT_PROJECT_VERSION = 1;
				DEVELOPMENT_TEAM = JL39GTJ62X;
				GENERATE_INFOPLIST_FILE = YES;
				MARKETING_VERSION = 1.0;
				PRODUCT_BUNDLE_IDENTIFIER = sacshack.tastebudsUITests;
				PRODUCT_NAME = "$(TARGET_NAME)";
				SWIFT_EMIT_LOC_STRINGS = NO;
				SWIFT_VERSION = 5.0;
				TARGETED_DEVICE_FAMILY = "1,2";
				TEST_TARGET_NAME = tastebuds;
			};
			name = Release;
		};
/* End XCBuildConfiguration section */

/* Begin XCConfigurationList section */
		065584CD29AADFCA006626F4 /* Build configuration list for PBXProject "tastebuds" */ = {
			isa = XCConfigurationList;
			buildConfigurations = (
				065584F429AADFCB006626F4 /* Debug */,
				065584F529AADFCB006626F4 /* Release */,
			);
			defaultConfigurationIsVisible = 0;
			defaultConfigurationName = Release;
		};
		065584F629AADFCB006626F4 /* Build configuration list for PBXNativeTarget "tastebuds" */ = {
			isa = XCConfigurationList;
			buildConfigurations = (
				065584F729AADFCB006626F4 /* Debug */,
				065584F829AADFCB006626F4 /* Release */,
			);
			defaultConfigurationIsVisible = 0;
			defaultConfigurationName = Release;
		};
		065584F929AADFCB006626F4 /* Build configuration list for PBXNativeTarget "tastebudsTests" */ = {
			isa = XCConfigurationList;
			buildConfigurations = (
				065584FA29AADFCB006626F4 /* Debug */,
				065584FB29AADFCB006626F4 /* Release */,
			);
			defaultConfigurationIsVisible = 0;
			defaultConfigurationName = Release;
		};
		065584FC29AADFCB006626F4 /* Build configuration list for PBXNativeTarget "tastebudsUITests" */ = {
			isa = XCConfigurationList;
			buildConfigurations = (
				065584FD29AADFCB006626F4 /* Debug */,
				065584FE29AADFCB006626F4 /* Release */,
			);
			defaultConfigurationIsVisible = 0;
			defaultConfigurationName = Release;
		};
/* End XCConfigurationList section */
	};
	rootObject = 065584CA29AADFCA006626F4 /* Project object */;
}
